
Microsoft Visual Studio Solution File, Format Version 12.00
# Visual Studio Version 17
VisualStudioVersion = 17.6.33723.286
MinimumVisualStudioVersion = 10.0.40219.1
Project("{9A19103F-16F7-4668-BE54-9A1E7A4F7556}") = "Ejercicio1", "Ejercicios sesion 2\Ejercicio1.csproj", "{A094A659-B7C1-4573-BD97-84BB02D90BCC}"
EndProject
Project("{FAE04EC0-301F-11D3-BF4B-00C04F79EFBC}") = "Ejercicio2", "Ejercicio2\Ejercicio2.csproj", "{30C1F76A-7C47-4427-B7BD-8372C15E40C7}"
EndProject
Project("{FAE04EC0-301F-11D3-BF4B-00C04F79EFBC}") = "Ejercicio3", "Ejercicio 3\Ejercicio3.csproj", "{EEE59BA5-93CC-41E8-B467-C3386635B2D5}"
EndProject
Global
	GlobalSection(SolutionConfigurationPlatforms) = preSolution
		Debug|Any CPU = Debug|Any CPU
		Release|Any CPU = Release|Any CPU
	EndGlobalSection
	GlobalSection(ProjectConfigurationPlatforms) = postSolution
		{A094A659-B7C1-4573-BD97-84BB02D90BCC}.Debug|Any CPU.ActiveCfg = Debug|Any CPU
		{A094A659-B7C1-4573-BD97-84BB02D90BCC}.Debug|Any CPU.Build.0 = Debug|Any CPU
		{A094A659-B7C1-4573-BD97-84BB02D90BCC}.Release|Any CPU.ActiveCfg = Release|Any CPU
		{A094A659-B7C1-4573-BD97-84BB02D90BCC}.Release|Any CPU.Build.0 = Release|Any CPU
		{30C1F76A-7C47-4427-B7BD-8372C15E40C7}.Debug|Any CPU.ActiveCfg = Debug|Any CPU
		{30C1F76A-7C47-4427-B7BD-8372C15E40C7}.Debug|Any CPU.Build.0 = Debug|Any CPU
		{30C1F76A-7C47-4427-B7BD-8372C15E40C7}.Release|Any CPU.ActiveCfg = Release|Any CPU
		{30C1F76A-7C47-4427-B7BD-8372C15E40C7}.Release|Any CPU.Build.0 = Release|Any CPU
		{EEE59BA5-93CC-41E8-B467-C3386635B2D5}.Debug|Any CPU.ActiveCfg = Debug|Any CPU
		{EEE59BA5-93CC-41E8-B467-C3386635B2D5}.Debug|Any CPU.Build.0 = Debug|Any CPU
		{EEE59BA5-93CC-41E8-B467-C3386635B2D5}.Release|Any CPU.ActiveCfg = Release|Any CPU
		{EEE59BA5-93CC-41E8-B467-C3386635B2D5}.Release|Any CPU.Build.0 = Release|Any CPU
	EndGlobalSection
	GlobalSection(SolutionProperties) = preSolution
		HideSolutionNode = FALSE
	EndGlobalSection
	GlobalSection(ExtensibilityGlobals) = postSolution
		SolutionGuid = {0FAA5906-CB9B-4F85-A597-F96FE5F2EF50}
	EndGlobalSection
EndGlobal
